
Microsoft Visual Studio Solution File, Format Version 12.00
# Visual Studio Version 17
VisualStudioVersion = 17.10.35122.118
MinimumVisualStudioVersion = 10.0.40219.1
Project("{9A19103F-16F7-4668-BE54-9A1E7A4F7556}") = "BlazorCrud.Server", "BlazorCrud.Server\BlazorCrud.Server.csproj", "{18594AAB-BFD0-4EB0-B70E-B9952649CAA7}"
EndProject
Project("{9A19103F-16F7-4668-BE54-9A1E7A4F7556}") = "BlazorCrud.Shared", "BlazorCrud.Shared\BlazorCrud.Shared.csproj", "{E8E1C1E1-C2A7-4FD2-A022-67C6AB6E282B}"
EndProject
Project("{9A19103F-16F7-4668-BE54-9A1E7A4F7556}") = "BlazorCrud.Client", "BlazorCrud.Client\BlazorCrud.Client.csproj", "{B18392ED-199D-4B70-89F6-27563EE42D0D}"
EndProject
Global
	GlobalSection(SolutionConfigurationPlatforms) = preSolution
		Debug|Any CPU = Debug|Any CPU
		Release|Any CPU = Release|Any CPU
	EndGlobalSection
	GlobalSection(ProjectConfigurationPlatforms) = postSolution
		{18594AAB-BFD0-4EB0-B70E-B9952649CAA7}.Debug|Any CPU.ActiveCfg = Debug|Any CPU
		{18594AAB-BFD0-4EB0-B70E-B9952649CAA7}.Debug|Any CPU.Build.0 = Debug|Any CPU
		{18594AAB-BFD0-4EB0-B70E-B9952649CAA7}.Release|Any CPU.ActiveCfg = Release|Any CPU
		{18594AAB-BFD0-4EB0-B70E-B9952649CAA7}.Release|Any CPU.Build.0 = Release|Any CPU
		{E8E1C1E1-C2A7-4FD2-A022-67C6AB6E282B}.Debug|Any CPU.ActiveCfg = Debug|Any CPU
		{E8E1C1E1-C2A7-4FD2-A022-67C6AB6E282B}.Debug|Any CPU.Build.0 = Debug|Any CPU
		{E8E1C1E1-C2A7-4FD2-A022-67C6AB6E282B}.Release|Any CPU.ActiveCfg = Release|Any CPU
		{E8E1C1E1-C2A7-4FD2-A022-67C6AB6E282B}.Release|Any CPU.Build.0 = Release|Any CPU
		{B18392ED-199D-4B70-89F6-27563EE42D0D}.Debug|Any CPU.ActiveCfg = Debug|Any CPU
		{B18392ED-199D-4B70-89F6-27563EE42D0D}.Debug|Any CPU.Build.0 = Debug|Any CPU
		{B18392ED-199D-4B70-89F6-27563EE42D0D}.Release|Any CPU.ActiveCfg = Release|Any CPU
		{B18392ED-199D-4B70-89F6-27563EE42D0D}.Release|Any CPU.Build.0 = Release|Any CPU
	EndGlobalSection
	GlobalSection(SolutionProperties) = preSolution
		HideSolutionNode = FALSE
	EndGlobalSection
	GlobalSection(ExtensibilityGlobals) = postSolution
		SolutionGuid = {2F081E37-6800-4028-B10B-5EA78F35E996}
	EndGlobalSection
EndGlobal
